
Microsoft Visual Studio Solution File, Format Version 12.00
Project("{2150E333-8FDC-42A3-9474-1A3956D46DE8}") = "src", "src", "{3E37FF2B-9491-40C1-8746-C19EB64D8A33}"
EndProject
Project("{2150E333-8FDC-42A3-9474-1A3956D46DE8}") = "common", "common", "{D0F74726-0D9F-406B-B011-2A2315F8F428}"
	ProjectSection(SolutionItems) = preProject
		common\docker-compose.yml = common\docker-compose.yml
	EndProjectSection
EndProject
Project("{FAE04EC0-301F-11D3-BF4B-00C04F79EFBC}") = "Kafka.Common", "Kafka.Common\Kafka.Common.csproj", "{6BA0E8E0-AB70-47CD-B158-7D1AE0B6A7D4}"
EndProject
Project("{FAE04EC0-301F-11D3-BF4B-00C04F79EFBC}") = "Kafka.Producer", "Kafka.Producer\Kafka.Producer.csproj", "{021827B5-BF6E-4B9A-9423-5B2B32E98E83}"
EndProject
Project("{FAE04EC0-301F-11D3-BF4B-00C04F79EFBC}") = "Kafka.Consumer", "Kafka.Consumer\Kafka.Consumer.csproj", "{317C1A7D-4D84-4F92-BC7C-9946C0E7359C}"
EndProject
Project("{FAE04EC0-301F-11D3-BF4B-00C04F79EFBC}") = "Kafka.ConsumerAsync", "Kafka.ConsumerAsync\Kafka.ConsumerAsync.csproj", "{064D00BB-63B2-4AAA-A4D5-005A82AF41DA}"
EndProject
Global
	GlobalSection(SolutionConfigurationPlatforms) = preSolution
		Debug|Any CPU = Debug|Any CPU
		Release|Any CPU = Release|Any CPU
	EndGlobalSection
	GlobalSection(ProjectConfigurationPlatforms) = postSolution
		{6BA0E8E0-AB70-47CD-B158-7D1AE0B6A7D4}.Debug|Any CPU.ActiveCfg = Debug|Any CPU
		{6BA0E8E0-AB70-47CD-B158-7D1AE0B6A7D4}.Debug|Any CPU.Build.0 = Debug|Any CPU
		{6BA0E8E0-AB70-47CD-B158-7D1AE0B6A7D4}.Release|Any CPU.ActiveCfg = Release|Any CPU
		{6BA0E8E0-AB70-47CD-B158-7D1AE0B6A7D4}.Release|Any CPU.Build.0 = Release|Any CPU
		{021827B5-BF6E-4B9A-9423-5B2B32E98E83}.Debug|Any CPU.ActiveCfg = Debug|Any CPU
		{021827B5-BF6E-4B9A-9423-5B2B32E98E83}.Debug|Any CPU.Build.0 = Debug|Any CPU
		{021827B5-BF6E-4B9A-9423-5B2B32E98E83}.Release|Any CPU.ActiveCfg = Release|Any CPU
		{021827B5-BF6E-4B9A-9423-5B2B32E98E83}.Release|Any CPU.Build.0 = Release|Any CPU
		{317C1A7D-4D84-4F92-BC7C-9946C0E7359C}.Debug|Any CPU.ActiveCfg = Debug|Any CPU
		{317C1A7D-4D84-4F92-BC7C-9946C0E7359C}.Debug|Any CPU.Build.0 = Debug|Any CPU
		{317C1A7D-4D84-4F92-BC7C-9946C0E7359C}.Release|Any CPU.ActiveCfg = Release|Any CPU
		{317C1A7D-4D84-4F92-BC7C-9946C0E7359C}.Release|Any CPU.Build.0 = Release|Any CPU
		{064D00BB-63B2-4AAA-A4D5-005A82AF41DA}.Debug|Any CPU.ActiveCfg = Debug|Any CPU
		{064D00BB-63B2-4AAA-A4D5-005A82AF41DA}.Debug|Any CPU.Build.0 = Debug|Any CPU
		{064D00BB-63B2-4AAA-A4D5-005A82AF41DA}.Release|Any CPU.ActiveCfg = Release|Any CPU
		{064D00BB-63B2-4AAA-A4D5-005A82AF41DA}.Release|Any CPU.Build.0 = Release|Any CPU
	EndGlobalSection
	GlobalSection(NestedProjects) = preSolution
		{6BA0E8E0-AB70-47CD-B158-7D1AE0B6A7D4} = {3E37FF2B-9491-40C1-8746-C19EB64D8A33}
		{021827B5-BF6E-4B9A-9423-5B2B32E98E83} = {3E37FF2B-9491-40C1-8746-C19EB64D8A33}
		{317C1A7D-4D84-4F92-BC7C-9946C0E7359C} = {3E37FF2B-9491-40C1-8746-C19EB64D8A33}
		{064D00BB-63B2-4AAA-A4D5-005A82AF41DA} = {3E37FF2B-9491-40C1-8746-C19EB64D8A33}
	EndGlobalSection
EndGlobal
